
Microsoft Visual Studio Solution File, Format Version 12.00
# Visual Studio Version 17
VisualStudioVersion = 17.0.31903.59
MinimumVisualStudioVersion = 10.0.40219.1
Project("{FAE04EC0-301F-11D3-BF4B-00C04F79EFBC}") = "FROX.App", "FROX.App\FROX.App.csproj", "{C8EDD8E1-6157-4B4D-B127-EB4C6F80EF5B}"
EndProject
Project("{FAE04EC0-301F-11D3-BF4B-00C04F79EFBC}") = "FROX.Core", "FROX.Core\FROX.Core.csproj", "{5836898E-ECEC-43EF-9174-9A2A430CDBE8}"
EndProject
Project("{FAE04EC0-301F-11D3-BF4B-00C04F79EFBC}") = "FROX.Characters", "FROX.Characters\FROX.Characters.csproj", "{5EA330DA-5848-424E-A80E-FBE69E1A803D}"
EndProject
Project("{FAE04EC0-301F-11D3-BF4B-00C04F79EFBC}") = "FROX.Brain", "FROX.Brain\FROX.Brain.csproj", "{B91776E3-3953-4146-A745-C652FCF6EC48}"
EndProject
Project("{FAE04EC0-301F-11D3-BF4B-00C04F79EFBC}") = "FROX.Data", "FROX.Data\FROX.Data.csproj", "{85269183-8C39-4357-9605-BDB7DA133216}"
EndProject
Project("{FAE04EC0-301F-11D3-BF4B-00C04F79EFBC}") = "FROX.Config", "FROX.Config\FROX.Config.csproj", "{87C17CC1-F43E-46DF-BFA7-DB4A2C1DD464}"
EndProject
Global
	GlobalSection(SolutionConfigurationPlatforms) = preSolution
		Debug|Any CPU = Debug|Any CPU
		Release|Any CPU = Release|Any CPU
	EndGlobalSection
	GlobalSection(SolutionProperties) = preSolution
		HideSolutionNode = FALSE
	EndGlobalSection
	GlobalSection(ProjectConfigurationPlatforms) = postSolution
		{C8EDD8E1-6157-4B4D-B127-EB4C6F80EF5B}.Debug|Any CPU.ActiveCfg = Debug|Any CPU
		{C8EDD8E1-6157-4B4D-B127-EB4C6F80EF5B}.Debug|Any CPU.Build.0 = Debug|Any CPU
		{C8EDD8E1-6157-4B4D-B127-EB4C6F80EF5B}.Release|Any CPU.ActiveCfg = Release|Any CPU
		{C8EDD8E1-6157-4B4D-B127-EB4C6F80EF5B}.Release|Any CPU.Build.0 = Release|Any CPU
		{5836898E-ECEC-43EF-9174-9A2A430CDBE8}.Debug|Any CPU.ActiveCfg = Debug|Any CPU
		{5836898E-ECEC-43EF-9174-9A2A430CDBE8}.Debug|Any CPU.Build.0 = Debug|Any CPU
		{5836898E-ECEC-43EF-9174-9A2A430CDBE8}.Release|Any CPU.ActiveCfg = Release|Any CPU
		{5836898E-ECEC-43EF-9174-9A2A430CDBE8}.Release|Any CPU.Build.0 = Release|Any CPU
		{5EA330DA-5848-424E-A80E-FBE69E1A803D}.Debug|Any CPU.ActiveCfg = Debug|Any CPU
		{5EA330DA-5848-424E-A80E-FBE69E1A803D}.Debug|Any CPU.Build.0 = Debug|Any CPU
		{5EA330DA-5848-424E-A80E-FBE69E1A803D}.Release|Any CPU.ActiveCfg = Release|Any CPU
		{5EA330DA-5848-424E-A80E-FBE69E1A803D}.Release|Any CPU.Build.0 = Release|Any CPU
		{B91776E3-3953-4146-A745-C652FCF6EC48}.Debug|Any CPU.ActiveCfg = Debug|Any CPU
		{B91776E3-3953-4146-A745-C652FCF6EC48}.Debug|Any CPU.Build.0 = Debug|Any CPU
		{B91776E3-3953-4146-A745-C652FCF6EC48}.Release|Any CPU.ActiveCfg = Release|Any CPU
		{B91776E3-3953-4146-A745-C652FCF6EC48}.Release|Any CPU.Build.0 = Release|Any CPU
		{85269183-8C39-4357-9605-BDB7DA133216}.Debug|Any CPU.ActiveCfg = Debug|Any CPU
		{85269183-8C39-4357-9605-BDB7DA133216}.Debug|Any CPU.Build.0 = Debug|Any CPU
		{85269183-8C39-4357-9605-BDB7DA133216}.Release|Any CPU.ActiveCfg = Release|Any CPU
		{85269183-8C39-4357-9605-BDB7DA133216}.Release|Any CPU.Build.0 = Release|Any CPU
		{87C17CC1-F43E-46DF-BFA7-DB4A2C1DD464}.Debug|Any CPU.ActiveCfg = Debug|Any CPU
		{87C17CC1-F43E-46DF-BFA7-DB4A2C1DD464}.Debug|Any CPU.Build.0 = Debug|Any CPU
		{87C17CC1-F43E-46DF-BFA7-DB4A2C1DD464}.Release|Any CPU.ActiveCfg = Release|Any CPU
		{87C17CC1-F43E-46DF-BFA7-DB4A2C1DD464}.Release|Any CPU.Build.0 = Release|Any CPU
	EndGlobalSection
EndGlobal
